
Microsoft Visual Studio Solution File, Format Version 12.00
# Visual Studio 15
VisualStudioVersion = 15.0.26730.16
MinimumVisualStudioVersion = 10.0.40219.1
Project("{FAE04EC0-301F-11D3-BF4B-00C04F79EFBC}") = "LR1-Drawing", "LR1-Drawing\LR1-Drawing.csproj", "{A05AC94B-E4E5-4C6F-8C88-E9F4B0EE379B}"
EndProject
Global
	GlobalSection(SolutionConfigurationPlatforms) = preSolution
		Debug|Any CPU = Debug|Any CPU
		Release|Any CPU = Release|Any CPU
	EndGlobalSection
	GlobalSection(ProjectConfigurationPlatforms) = postSolution
		{A05AC94B-E4E5-4C6F-8C88-E9F4B0EE379B}.Debug|Any CPU.ActiveCfg = Debug|Any CPU
		{A05AC94B-E4E5-4C6F-8C88-E9F4B0EE379B}.Debug|Any CPU.Build.0 = Debug|Any CPU
		{A05AC94B-E4E5-4C6F-8C88-E9F4B0EE379B}.Release|Any CPU.ActiveCfg = Release|Any CPU
		{A05AC94B-E4E5-4C6F-8C88-E9F4B0EE379B}.Release|Any CPU.Build.0 = Release|Any CPU
	EndGlobalSection
	GlobalSection(SolutionProperties) = preSolution
		HideSolutionNode = FALSE
	EndGlobalSection
	GlobalSection(ExtensibilityGlobals) = postSolution
		SolutionGuid = {B4B6611E-244E-42B7-B6AA-3BD9E038746C}
	EndGlobalSection
EndGlobal
